<Solution>
  <Project Path="MGM.GoodHamburger.Api/MGM.GoodHamburger.Api.csproj" Id="5a433837-a0c6-4fe1-a077-a14fb23ca5d0" />
  <Project Path="MGM.GoodHamburger.Application/MGM.GoodHamburger.Application.csproj" />
  <Project Path="MGM.GoodHamburger.Domain/MGM.GoodHamburger.Domain.csproj" />
  <Project Path="MGM.GoodHamburger.Infrastructure/MGM.GoodHamburger.Infrastructure.csproj" />
  <Project Path="MGM.GoodHamburger.IntegrationTests/MGM.GoodHamburger.IntegrationTests.csproj" Id="6c1bb9fa-be4d-4ed3-aeb8-2a45e5b356ec" />
</Solution>
